
Microsoft Visual Studio Solution File, Format Version 12.00
Project("{2150E333-8FDC-42A3-9474-1A3956D46DE8}") = "Aspire", "Aspire", "{56AFEE3F-30DB-462B-B370-4236D2CA4BE4}"
EndProject
Project("{2150E333-8FDC-42A3-9474-1A3956D46DE8}") = "Services", "Services", "{4D877FA1-AD89-4B85-89E9-0237A963CCDA}"
EndProject
Project("{2150E333-8FDC-42A3-9474-1A3956D46DE8}") = "Shared", "Shared", "{E60E2240-019E-4B8C-A99A-517DB30E9C02}"
EndProject
Project("{FAE04EC0-301F-11D3-BF4B-00C04F79EFBC}") = "AppHost", "src\Aspire\AppHost\AppHost.csproj", "{1D6EA167-19B7-451C-B258-0417AA901E54}"
EndProject
Project("{FAE04EC0-301F-11D3-BF4B-00C04F79EFBC}") = "UsersService", "src\Services\UsersService\UsersService.csproj", "{CAFFA6B0-9316-4A3B-9A2D-11435175CC17}"
EndProject
Project("{FAE04EC0-301F-11D3-BF4B-00C04F79EFBC}") = "NotificationsService", "src\Services\NotificationsService\NotificationsService.csproj", "{74E8FA15-A5E9-4972-9E41-ED4F4B616936}"
EndProject
Project("{FAE04EC0-301F-11D3-BF4B-00C04F79EFBC}") = "Messaging", "src\Shared\Messaging\Messaging.csproj", "{22111C71-7548-499F-9E32-EDA60E950740}"
EndProject
Project("{FAE04EC0-301F-11D3-BF4B-00C04F79EFBC}") = "ServiceDefaults", "src\Shared\ServiceDefaults\ServiceDefaults.csproj", "{33095EEC-2C77-4381-BD1F-E6446684BF03}"
EndProject
Project("{FAE04EC0-301F-11D3-BF4B-00C04F79EFBC}") = "Auth", "src\Shared\Auth\Auth.csproj", "{66E9F9EB-D9F0-4F31-9710-6A4D57083474}"
EndProject
Project("{FAE04EC0-301F-11D3-BF4B-00C04F79EFBC}") = "Utilities", "src\Shared\Utilities\Utilities.csproj", "{17236F77-D8FD-40C9-999F-84F049C2FD59}"
EndProject
Global
	GlobalSection(SolutionConfigurationPlatforms) = preSolution
		Debug|Any CPU = Debug|Any CPU
		Release|Any CPU = Release|Any CPU
	EndGlobalSection
	GlobalSection(NestedProjects) = preSolution
		{1D6EA167-19B7-451C-B258-0417AA901E54} = {56AFEE3F-30DB-462B-B370-4236D2CA4BE4}
		{CAFFA6B0-9316-4A3B-9A2D-11435175CC17} = {4D877FA1-AD89-4B85-89E9-0237A963CCDA}
		{74E8FA15-A5E9-4972-9E41-ED4F4B616936} = {4D877FA1-AD89-4B85-89E9-0237A963CCDA}
		{22111C71-7548-499F-9E32-EDA60E950740} = {E60E2240-019E-4B8C-A99A-517DB30E9C02}
		{33095EEC-2C77-4381-BD1F-E6446684BF03} = {E60E2240-019E-4B8C-A99A-517DB30E9C02}
		{66E9F9EB-D9F0-4F31-9710-6A4D57083474} = {E60E2240-019E-4B8C-A99A-517DB30E9C02}
		{17236F77-D8FD-40C9-999F-84F049C2FD59} = {E60E2240-019E-4B8C-A99A-517DB30E9C02}
	EndGlobalSection
	GlobalSection(ProjectConfigurationPlatforms) = postSolution
		{1D6EA167-19B7-451C-B258-0417AA901E54}.Debug|Any CPU.ActiveCfg = Debug|Any CPU
		{1D6EA167-19B7-451C-B258-0417AA901E54}.Debug|Any CPU.Build.0 = Debug|Any CPU
		{1D6EA167-19B7-451C-B258-0417AA901E54}.Release|Any CPU.ActiveCfg = Release|Any CPU
		{1D6EA167-19B7-451C-B258-0417AA901E54}.Release|Any CPU.Build.0 = Release|Any CPU
		{CAFFA6B0-9316-4A3B-9A2D-11435175CC17}.Debug|Any CPU.ActiveCfg = Debug|Any CPU
		{CAFFA6B0-9316-4A3B-9A2D-11435175CC17}.Debug|Any CPU.Build.0 = Debug|Any CPU
		{CAFFA6B0-9316-4A3B-9A2D-11435175CC17}.Release|Any CPU.ActiveCfg = Release|Any CPU
		{CAFFA6B0-9316-4A3B-9A2D-11435175CC17}.Release|Any CPU.Build.0 = Release|Any CPU
		{74E8FA15-A5E9-4972-9E41-ED4F4B616936}.Debug|Any CPU.ActiveCfg = Debug|Any CPU
		{74E8FA15-A5E9-4972-9E41-ED4F4B616936}.Debug|Any CPU.Build.0 = Debug|Any CPU
		{74E8FA15-A5E9-4972-9E41-ED4F4B616936}.Release|Any CPU.ActiveCfg = Release|Any CPU
		{74E8FA15-A5E9-4972-9E41-ED4F4B616936}.Release|Any CPU.Build.0 = Release|Any CPU
		{22111C71-7548-499F-9E32-EDA60E950740}.Debug|Any CPU.ActiveCfg = Debug|Any CPU
		{22111C71-7548-499F-9E32-EDA60E950740}.Debug|Any CPU.Build.0 = Debug|Any CPU
		{22111C71-7548-499F-9E32-EDA60E950740}.Release|Any CPU.ActiveCfg = Release|Any CPU
		{22111C71-7548-499F-9E32-EDA60E950740}.Release|Any CPU.Build.0 = Release|Any CPU
		{33095EEC-2C77-4381-BD1F-E6446684BF03}.Debug|Any CPU.ActiveCfg = Debug|Any CPU
		{33095EEC-2C77-4381-BD1F-E6446684BF03}.Debug|Any CPU.Build.0 = Debug|Any CPU
		{33095EEC-2C77-4381-BD1F-E6446684BF03}.Release|Any CPU.ActiveCfg = Release|Any CPU
		{33095EEC-2C77-4381-BD1F-E6446684BF03}.Release|Any CPU.Build.0 = Release|Any CPU
		{66E9F9EB-D9F0-4F31-9710-6A4D57083474}.Debug|Any CPU.ActiveCfg = Debug|Any CPU
		{66E9F9EB-D9F0-4F31-9710-6A4D57083474}.Debug|Any CPU.Build.0 = Debug|Any CPU
		{66E9F9EB-D9F0-4F31-9710-6A4D57083474}.Release|Any CPU.ActiveCfg = Release|Any CPU
		{66E9F9EB-D9F0-4F31-9710-6A4D57083474}.Release|Any CPU.Build.0 = Release|Any CPU
		{17236F77-D8FD-40C9-999F-84F049C2FD59}.Debug|Any CPU.ActiveCfg = Debug|Any CPU
		{17236F77-D8FD-40C9-999F-84F049C2FD59}.Debug|Any CPU.Build.0 = Debug|Any CPU
		{17236F77-D8FD-40C9-999F-84F049C2FD59}.Release|Any CPU.ActiveCfg = Release|Any CPU
		{17236F77-D8FD-40C9-999F-84F049C2FD59}.Release|Any CPU.Build.0 = Release|Any CPU
	EndGlobalSection
EndGlobal
